
Microsoft Visual Studio Solution File, Format Version 12.00
# Visual Studio Version 16
VisualStudioVersion = 16.0.30320.27
MinimumVisualStudioVersion = 10.0.40219.1
Project("{FAE04EC0-301F-11D3-BF4B-00C04F79EFBC}") = "APIPETS", "APIPETS.csproj", "{6FCFED94-1339-490D-87D0-846EBEBB7144}"
EndProject
Global
	GlobalSection(SolutionConfigurationPlatforms) = preSolution
		Debug|Any CPU = Debug|Any CPU
		Release|Any CPU = Release|Any CPU
	EndGlobalSection
	GlobalSection(ProjectConfigurationPlatforms) = postSolution
		{6FCFED94-1339-490D-87D0-846EBEBB7144}.Debug|Any CPU.ActiveCfg = Debug|Any CPU
		{6FCFED94-1339-490D-87D0-846EBEBB7144}.Debug|Any CPU.Build.0 = Debug|Any CPU
		{6FCFED94-1339-490D-87D0-846EBEBB7144}.Release|Any CPU.ActiveCfg = Release|Any CPU
		{6FCFED94-1339-490D-87D0-846EBEBB7144}.Release|Any CPU.Build.0 = Release|Any CPU
	EndGlobalSection
	GlobalSection(SolutionProperties) = preSolution
		HideSolutionNode = FALSE
	EndGlobalSection
	GlobalSection(ExtensibilityGlobals) = postSolution
		SolutionGuid = {EB1F25B3-E89D-436F-9DE0-33D3EF57104C}
	EndGlobalSection
EndGlobal
